
Microsoft Visual Studio Solution File, Format Version 12.00
# Visual Studio 2012
Project("{FAE04EC0-301F-11D3-BF4B-00C04F79EFBC}") = "MonoDLLTest", "MonoDLLTest\MonoDLLTest.csproj", "{347CFA69-8031-4CBC-BA02-580C319340AB}"
EndProject
Global
	GlobalSection(SolutionConfigurationPlatforms) = preSolution
		Debug|Any CPU = Debug|Any CPU
		Release|Any CPU = Release|Any CPU
	EndGlobalSection
	GlobalSection(ProjectConfigurationPlatforms) = postSolution
		{347CFA69-8031-4CBC-BA02-580C319340AB}.Debug|Any CPU.ActiveCfg = Debug|Any CPU
		{347CFA69-8031-4CBC-BA02-580C319340AB}.Debug|Any CPU.Build.0 = Debug|Any CPU
		{347CFA69-8031-4CBC-BA02-580C319340AB}.Release|Any CPU.ActiveCfg = Release|Any CPU
		{347CFA69-8031-4CBC-BA02-580C319340AB}.Release|Any CPU.Build.0 = Release|Any CPU
	EndGlobalSection
EndGlobal
